<Solution>
  <Project Path="DungeonSong.Combat.csproj" />
  <Project Path="DungeonSong.Player.csproj" />
  <Project Path="DungeonSong.Enemies.csproj" />
  <Project Path="DungeonSong.World.csproj" />
  <Project Path="DungeonSong.Enemies.Tests.csproj" />
  <Project Path="Assembly-CSharp.csproj" />
  <Project Path="DungeonSong.UI.csproj" />
  <Project Path="DungeonSong.PlayMode.Tests.csproj" />
  <Project Path="DungeonSong.World.Editor.csproj" />
</Solution>
